
Microsoft Visual Studio Solution File, Format Version 12.00
# Visual Studio 2013
VisualStudioVersion = 12.0.31101.0
MinimumVisualStudioVersion = 10.0.40219.1
Project("{F2A71F9B-5D33-465A-A702-920D77279786}") = "DotNetMon", "src\DotNetMon.fsproj", "{752AE603-5454-4F89-9D59-65F6FB9DC5B4}"
EndProject
Project("{2150E333-8FDC-42A3-9474-1A3956D46DE8}") = ".doc", ".doc", "{4F2EE8F6-D34D-4F88-BBB4-83683E79E967}"
	ProjectSection(SolutionItems) = preProject
		Readme.md = Readme.md
	EndProjectSection
EndProject
Project("{2150E333-8FDC-42A3-9474-1A3956D46DE8}") = "ExternalDlls", "ExternalDlls", "{F60D47C5-261C-4FE6-9D25-DA362B7ACDEB}"
	ProjectSection(SolutionItems) = preProject
		FSWatcher.dll = FSWatcher.dll
	EndProjectSection
EndProject
Global
	GlobalSection(SolutionConfigurationPlatforms) = preSolution
		Debug|Any CPU = Debug|Any CPU
		Release|Any CPU = Release|Any CPU
	EndGlobalSection
	GlobalSection(ProjectConfigurationPlatforms) = postSolution
		{752AE603-5454-4F89-9D59-65F6FB9DC5B4}.Debug|Any CPU.ActiveCfg = Debug|Any CPU
		{752AE603-5454-4F89-9D59-65F6FB9DC5B4}.Debug|Any CPU.Build.0 = Debug|Any CPU
		{752AE603-5454-4F89-9D59-65F6FB9DC5B4}.Release|Any CPU.ActiveCfg = Release|Any CPU
		{752AE603-5454-4F89-9D59-65F6FB9DC5B4}.Release|Any CPU.Build.0 = Release|Any CPU
	EndGlobalSection
	GlobalSection(SolutionProperties) = preSolution
		HideSolutionNode = FALSE
	EndGlobalSection
EndGlobal
